// !$*UTF8*$!
{
	archiveVersion = 1;
	classes = {
	};
	objectVersion = 56;
	objects = {

/* Begin PBXBuildFile section */
		251C7AE12CABF5680028A125 /* Learn_iOSApp.swift in Sources */ = {isa = PBXBuildFile; fileRef = 251C7AE02CABF5680028A125 /* Learn_iOSApp.swift */; };
		251C7AE32CABF5680028A125 /* ContentView.swift in Sources */ = {isa = PBXBuildFile; fileRef = 251C7AE22CABF5680028A125 /* ContentView.swift */; };
		251C7AE52CABF5690028A125 /* Assets.xcassets in Resources */ = {isa = PBXBuildFile; fileRef = 251C7AE42CABF5690028A125 /* Assets.xcassets */; };
		251C7AE82CABF5690028A125 /* Preview Assets.xcassets in Resources */ = {isa = PBXBuildFile; fileRef = 251C7AE72CABF5690028A125 /* Preview Assets.xcassets */; };
		251C7AF22CABF56A0028A125 /* Learn_iOSTests.swift in Sources */ = {isa = PBXBuildFile; fileRef = 251C7AF12CABF56A0028A125 /* Learn_iOSTests.swift */; };
		251C7AFC2CABF56A0028A125 /* Learn_iOSUITests.swift in Sources */ = {isa = PBXBuildFile; fileRef = 251C7AFB2CABF56A0028A125 /* Learn_iOSUITests.swift */; };
		251C7AFE2CABF56A0028A125 /* Learn_iOSUITestsLaunchTests.swift in Sources */ = {isa = PBXBuildFile; fileRef = 251C7AFD2CABF56A0028A125 /* Learn_iOSUITestsLaunchTests.swift */; };
		2553D3962CE61F4E004AF009 /* Alamofire in Frameworks */ = {isa = PBXBuildFile; productRef = 2553D3952CE61F4E004AF009 /* Alamofire */; };
		2553D3982CE61F4E004AF009 /* AlamofireDynamic in Frameworks */ = {isa = PBXBuildFile; productRef = 2553D3972CE61F4E004AF009 /* AlamofireDynamic */; };
/* End PBXBuildFile section */

/* Begin PBXContainerItemProxy section */
		251C7AEE2CABF56A0028A125 /* PBXContainerItemProxy */ = {
			isa = PBXContainerItemProxy;
			containerPortal = 251C7AD52CABF5680028A125 /* Project object */;
			proxyType = 1;
			remoteGlobalIDString = 251C7ADC2CABF5680028A125;
			remoteInfo = Learn_iOS;
		};
		251C7AF82CABF56A0028A125 /* PBXContainerItemProxy */ = {
			isa = PBXContainerItemProxy;
			containerPortal = 251C7AD52CABF5680028A125 /* Project object */;
			proxyType = 1;
			remoteGlobalIDString = 251C7ADC2CABF5680028A125;
			remoteInfo = Learn_iOS;
		};
/* End PBXContainerItemProxy section */

/* Begin PBXFileReference section */
		251C7ADD2CABF5680028A125 /* Learn_iOS.app */ = {isa = PBXFileReference; explicitFileType = wrapper.application; includeInIndex = 0; path = Learn_iOS.app; sourceTree = BUILT_PRODUCTS_DIR; };
		251C7AE02CABF5680028A125 /* Learn_iOSApp.swift */ = {isa = PBXFileReference; lastKnownFileType = sourcecode.swift; path = Learn_iOSApp.swift; sourceTree = "<group>"; };
		251C7AE22CABF5680028A125 /* ContentView.swift */ = {isa = PBXFileReference; lastKnownFileType = sourcecode.swift; path = ContentView.swift; sourceTree = "<group>"; };
		251C7AE42CABF5690028A125 /* Assets.xcassets */ = {isa = PBXFileReference; lastKnownFileType = folder.assetcatalog; path = Assets.xcassets; sourceTree = "<group>"; };
		251C7AE72CABF5690028A125 /* Preview Assets.xcassets */ = {isa = PBXFileReference; lastKnownFileType = folder.assetcatalog; path = "Preview Assets.xcassets"; sourceTree = "<group>"; };
		251C7AED2CABF56A0028A125 /* Learn_iOSTests.xctest */ = {isa = PBXFileReference; explicitFileType = wrapper.cfbundle; includeInIndex = 0; path = Learn_iOSTests.xctest; sourceTree = BUILT_PRODUCTS_DIR; };
		251C7AF12CABF56A0028A125 /* Learn_iOSTests.swift */ = {isa = PBXFileReference; lastKnownFileType = sourcecode.swift; path = Learn_iOSTests.swift; sourceTree = "<group>"; };
		251C7AF72CABF56A0028A125 /* Learn_iOSUITests.xctest */ = {isa = PBXFileReference; explicitFileType = wrapper.cfbundle; includeInIndex = 0; path = Learn_iOSUITests.xctest; sourceTree = BUILT_PRODUCTS_DIR; };
		251C7AFB2CABF56A0028A125 /* Learn_iOSUITests.swift */ = {isa = PBXFileReference; lastKnownFileType = sourcecode.swift; path = Learn_iOSUITests.swift; sourceTree = "<group>"; };
		251C7AFD2CABF56A0028A125 /* Learn_iOSUITestsLaunchTests.swift */ = {isa = PBXFileReference; lastKnownFileType = sourcecode.swift; path = Learn_iOSUITestsLaunchTests.swift; sourceTree = "<group>"; };
/* End PBXFileReference section */

/* Begin PBXFrameworksBuildPhase section */
		251C7ADA2CABF5680028A125 /* Frameworks */ = {
			isa = PBXFrameworksBuildPhase;
			buildActionMask = 2147483647;
			files = (
				2553D3962CE61F4E004AF009 /* Alamofire in Frameworks */,
				2553D3982CE61F4E004AF009 /* AlamofireDynamic in Frameworks */,
			);
			runOnlyForDeploymentPostprocessing = 0;
		};
		251C7AEA2CABF56A0028A125 /* Frameworks */ = {
			isa = PBXFrameworksBuildPhase;
			buildActionMask = 2147483647;
			files = (
			);
			runOnlyForDeploymentPostprocessing = 0;
		};
		251C7AF42CABF56A0028A125 /* Frameworks */ = {
			isa = PBXFrameworksBuildPhase;
			buildActionMask = 2147483647;
			files = (
			);
			runOnlyForDeploymentPostprocessing = 0;
		};
/* End PBXFrameworksBuildPhase section */

/* Begin PBXGroup section */
		251C7AD42CABF5680028A125 = {
			isa = PBXGroup;
			children = (
				251C7ADF2CABF5680028A125 /* Learn_iOS */,
				251C7AF02CABF56A0028A125 /* Learn_iOSTests */,
				251C7AFA2CABF56A0028A125 /* Learn_iOSUITests */,
				251C7ADE2CABF5680028A125 /* Products */,
			);
			sourceTree = "<group>";
		};
		251C7ADE2CABF5680028A125 /* Products */ = {
			isa = PBXGroup;
			children = (
				251C7ADD2CABF5680028A125 /* Learn_iOS.app */,
				251C7AED2CABF56A0028A125 /* Learn_iOSTests.xctest */,
				251C7AF72CABF56A0028A125 /* Learn_iOSUITests.xctest */,
			);
			name = Products;
			sourceTree = "<group>";
		};
		251C7ADF2CABF5680028A125 /* Learn_iOS */ = {
			isa = PBXGroup;
			children = (
				251C7AE02CABF5680028A125 /* Learn_iOSApp.swift */,
				251C7AE22CABF5680028A125 /* ContentView.swift */,
				251C7AE42CABF5690028A125 /* Assets.xcassets */,
				251C7AE62CABF5690028A125 /* Preview Content */,
			);
			path = Learn_iOS;
			sourceTree = "<group>";
		};
		251C7AE62CABF5690028A125 /* Preview Content */ = {
			isa = PBXGroup;
			children = (
				251C7AE72CABF5690028A125 /* Preview Assets.xcassets */,
			);
			path = "Preview Content";
			sourceTree = "<group>";
		};
		251C7AF02CABF56A0028A125 /* Learn_iOSTests */ = {
			isa = PBXGroup;
			children = (
				251C7AF12CABF56A0028A125 /* Learn_iOSTests.swift */,
			);
			path = Learn_iOSTests;
			sourceTree = "<group>";
		};
		251C7AFA2CABF56A0028A125 /* Learn_iOSUITests */ = {
			isa = PBXGroup;
			children = (
				251C7AFB2CABF56A0028A125 /* Learn_iOSUITests.swift */,
				251C7AFD2CABF56A0028A125 /* Learn_iOSUITestsLaunchTests.swift */,
			);
			path = Learn_iOSUITests;
			sourceTree = "<group>";
		};
/* End PBXGroup section */

/* Begin PBXNativeTarget section */
		251C7ADC2CABF5680028A125 /* Learn_iOS */ = {
			isa = PBXNativeTarget;
			buildConfigurationList = 251C7B012CABF56A0028A125 /* Build configuration list for PBXNativeTarget "Learn_iOS" */;
			buildPhases = (
				251C7AD92CABF5680028A125 /* Sources */,
				251C7ADA2CABF5680028A125 /* Frameworks */,
				251C7ADB2CABF5680028A125 /* Resources */,
			);
			buildRules = (
			);
			dependencies = (
			);
			name = Learn_iOS;
			packageProductDependencies = (
				2553D3952CE61F4E004AF009 /* Alamofire */,
				2553D3972CE61F4E004AF009 /* AlamofireDynamic */,
			);
			productName = Learn_iOS;
			productReference = 251C7ADD2CABF5680028A125 /* Learn_iOS.app */;
			productType = "com.apple.product-type.application";
		};
		251C7AEC2CABF56A0028A125 /* Learn_iOSTests */ = {
			isa = PBXNativeTarget;
			buildConfigurationList = 251C7B042CABF56A0028A125 /* Build configuration list for PBXNativeTarget "Learn_iOSTests" */;
			buildPhases = (
				251C7AE92CABF56A0028A125 /* Sources */,
				251C7AEA2CABF56A0028A125 /* Frameworks */,
				251C7AEB2CABF56A0028A125 /* Resources */,
			);
			buildRules = (
			);
			dependencies = (
				251C7AEF2CABF56A0028A125 /* PBXTargetDependency */,
			);
			name = Learn_iOSTests;
			productName = Learn_iOSTests;
			productReference = 251C7AED2CABF56A0028A125 /* Learn_iOSTests.xctest */;
			productType = "com.apple.product-type.bundle.unit-test";
		};
		251C7AF62CABF56A0028A125 /* Learn_iOSUITests */ = {
			isa = PBXNativeTarget;
			buildConfigurationList = 251C7B072CABF56A0028A125 /* Build configuration list for PBXNativeTarget "Learn_iOSUITests" */;
			buildPhases = (
				251C7AF32CABF56A0028A125 /* Sources */,
				251C7AF42CABF56A0028A125 /* Frameworks */,
				251C7AF52CABF56A0028A125 /* Resources */,
			);
			buildRules = (
			);
			dependencies = (
				251C7AF92CABF56A0028A125 /* PBXTargetDependency */,
			);
			name = Learn_iOSUITests;
			productName = Learn_iOSUITests;
			productReference = 251C7AF72CABF56A0028A125 /* Learn_iOSUITests.xctest */;
			productType = "com.apple.product-type.bundle.ui-testing";
		};
/* End PBXNativeTarget section */

/* Begin PBXProject section */
		251C7AD52CABF5680028A125 /* Project object */ = {
			isa = PBXProject;
			attributes = {
				BuildIndependentTargetsInParallel = 1;
				LastSwiftUpdateCheck = 1420;
				LastUpgradeCheck = 1420;
				TargetAttributes = {
					251C7ADC2CABF5680028A125 = {
						CreatedOnToolsVersion = 14.2;
					};
					251C7AEC2CABF56A0028A125 = {
						CreatedOnToolsVersion = 14.2;
						TestTargetID = 251C7ADC2CABF5680028A125;
					};
					251C7AF62CABF56A0028A125 = {
						CreatedOnToolsVersion = 14.2;
						TestTargetID = 251C7ADC2CABF5680028A125;
					};
				};
			};
			buildConfigurationList = 251C7AD82CABF5680028A125 /* Build configuration list for PBXProject "Learn_iOS" */;
			compatibilityVersion = "Xcode 14.0";
			developmentRegion = en;
			hasScannedForEncodings = 0;
			knownRegions = (
				en,
				Base,
			);
			mainGroup = 251C7AD42CABF5680028A125;
			packageReferences = (
				2553D3942CE61F4E004AF009 /* XCRemoteSwiftPackageReference "Alamofire" */,
			);
			productRefGroup = 251C7ADE2CABF5680028A125 /* Products */;
			projectDirPath = "";
			projectRoot = "";
			targets = (
				251C7ADC2CABF5680028A125 /* Learn_iOS */,
				251C7AEC2CABF56A0028A125 /* Learn_iOSTests */,
				251C7AF62CABF56A0028A125 /* Learn_iOSUITests */,
			);
		};
/* End PBXProject section */

/* Begin PBXResourcesBuildPhase section */
		251C7ADB2CABF5680028A125 /* Resources */ = {
			isa = PBXResourcesBuildPhase;
			buildActionMask = 2147483647;
			files = (
				251C7AE82CABF5690028A125 /* Preview Assets.xcassets in Resources */,
				251C7AE52CABF5690028A125 /* Assets.xcassets in Resources */,
			);
			runOnlyForDeploymentPostprocessing = 0;
		};
		251C7AEB2CABF56A0028A125 /* Resources */ = {
			isa = PBXResourcesBuildPhase;
			buildActionMask = 2147483647;
			files = (
			);
			runOnlyForDeploymentPostprocessing = 0;
		};
		251C7AF52CABF56A0028A125 /* Resources */ = {
			isa = PBXResourcesBuildPhase;
			buildActionMask = 2147483647;
			files = (
			);
			runOnlyForDeploymentPostprocessing = 0;
		};
/* End PBXResourcesBuildPhase section */

/* Begin PBXSourcesBuildPhase section */
		251C7AD92CABF5680028A125 /* Sources */ = {
			isa = PBXSourcesBuildPhase;
			buildActionMask = 2147483647;
			files = (
				251C7AE32CABF5680028A125 /* ContentView.swift in Sources */,
				251C7AE12CABF5680028A125 /* Learn_iOSApp.swift in Sources */,
			);
			runOnlyForDeploymentPostprocessing = 0;
		};
		251C7AE92CABF56A0028A125 /* Sources */ = {
			isa = PBXSourcesBuildPhase;
			buildActionMask = 2147483647;
			files = (
				251C7AF22CABF56A0028A125 /* Learn_iOSTests.swift in Sources */,
			);
			runOnlyForDeploymentPostprocessing = 0;
		};
		251C7AF32CABF56A0028A125 /* Sources */ = {
			isa = PBXSourcesBuildPhase;
			buildActionMask = 2147483647;
			files = (
				251C7AFC2CABF56A0028A125 /* Learn_iOSUITests.swift in Sources */,
				251C7AFE2CABF56A0028A125 /* Learn_iOSUITestsLaunchTests.swift in Sources */,
			);
			runOnlyForDeploymentPostprocessing = 0;
		};
/* End PBXSourcesBuildPhase section */

/* Begin PBXTargetDependency section */
		251C7AEF2CABF56A0028A125 /* PBXTargetDependency */ = {
			isa = PBXTargetDependency;
			target = 251C7ADC2CABF5680028A125 /* Learn_iOS */;
			targetProxy = 251C7AEE2CABF56A0028A125 /* PBXContainerItemProxy */;
		};
		251C7AF92CABF56A0028A125 /* PBXTargetDependency */ = {
			isa = PBXTargetDependency;
			target = 251C7ADC2CABF5680028A125 /* Learn_iOS */;
			targetProxy = 251C7AF82CABF56A0028A125 /* PBXContainerItemProxy */;
		};
/* End PBXTargetDependency section */

/* Begin XCBuildConfiguration section */
		251C7AFF2CABF56A0028A125 /* Debug */ = {
			isa = XCBuildConfiguration;
			buildSettings = {
				ALWAYS_SEARCH_USER_PATHS = NO;
				CLANG_ANALYZER_NONNULL = YES;
				CLANG_ANALYZER_NUMBER_OBJECT_CONVERSION = YES_AGGRESSIVE;
				CLANG_CXX_LANGUAGE_STANDARD = "gnu++20";
				CLANG_ENABLE_MODULES = YES;
				CLANG_ENABLE_OBJC_ARC = YES;
				CLANG_ENABLE_OBJC_WEAK = YES;
				CLANG_WARN_BLOCK_CAPTURE_AUTORELEASING = YES;
				CLANG_WARN_BOOL_CONVERSION = YES;
				CLANG_WARN_COMMA = YES;
				CLANG_WARN_CONSTANT_CONVERSION = YES;
				CLANG_WARN_DEPRECATED_OBJC_IMPLEMENTATIONS = YES;
				CLANG_WARN_DIRECT_OBJC_ISA_USAGE = YES_ERROR;
				CLANG_WARN_DOCUMENTATION_COMMENTS = YES;
				CLANG_WARN_EMPTY_BODY = YES;
				CLANG_WARN_ENUM_CONVERSION = YES;
				CLANG_WARN_INFINITE_RECURSION = YES;
				CLANG_WARN_INT_CONVERSION = YES;
				CLANG_WARN_NON_LITERAL_NULL_CONVERSION = YES;
				CLANG_WARN_OBJC_IMPLICIT_RETAIN_SELF = YES;
				CLANG_WARN_OBJC_LITERAL_CONVERSION = YES;
				CLANG_WARN_OBJC_ROOT_CLASS = YES_ERROR;
				CLANG_WARN_QUOTED_INCLUDE_IN_FRAMEWORK_HEADER = YES;
				CLANG_WARN_RANGE_LOOP_ANALYSIS = YES;
				CLANG_WARN_STRICT_PROTOTYPES = YES;
				CLANG_WARN_SUSPICIOUS_MOVE = YES;
				CLANG_WARN_UNGUARDED_AVAILABILITY = YES_AGGRESSIVE;
				CLANG_WARN_UNREACHABLE_CODE = YES;
				CLANG_WARN__DUPLICATE_METHOD_MATCH = YES;
				COPY_PHASE_STRIP = NO;
				DEBUG_INFORMATION_FORMAT = dwarf;
				ENABLE_STRICT_OBJC_MSGSEND = YES;
				ENABLE_TESTABILITY = YES;
				GCC_C_LANGUAGE_STANDARD = gnu11;
				GCC_DYNAMIC_NO_PIC = NO;
				GCC_NO_COMMON_BLOCKS = YES;
				GCC_OPTIMIZATION_LEVEL = 0;
				GCC_PREPROCESSOR_DEFINITIONS = (
					"DEBUG=1",
					"$(inherited)",
				);
				GCC_WARN_64_TO_32_BIT_CONVERSION = YES;
				GCC_WARN_ABOUT_RETURN_TYPE = YES_ERROR;
				GCC_WARN_UNDECLARED_SELECTOR = YES;
				GCC_WARN_UNINITIALIZED_AUTOS = YES_AGGRESSIVE;
				GCC_WARN_UNUSED_FUNCTION = YES;
				GCC_WARN_UNUSED_VARIABLE = YES;
				IPHONEOS_DEPLOYMENT_TARGET = 16.2;
				MTL_ENABLE_DEBUG_INFO = INCLUDE_SOURCE;
				MTL_FAST_MATH = YES;
				ONLY_ACTIVE_ARCH = YES;
				SDKROOT = iphoneos;
				SWIFT_ACTIVE_COMPILATION_CONDITIONS = DEBUG;
				SWIFT_OPTIMIZATION_LEVEL = "-Onone";
			};
			name = Debug;
		};
		251C7B002CABF56A0028A125 /* Release */ = {
			isa = XCBuildConfiguration;
			buildSettings = {
				ALWAYS_SEARCH_USER_PATHS = NO;
				CLANG_ANALYZER_NONNULL = YES;
				CLANG_ANALYZER_NUMBER_OBJECT_CONVERSION = YES_AGGRESSIVE;
				CLANG_CXX_LANGUAGE_STANDARD = "gnu++20";
				CLANG_ENABLE_MODULES = YES;
				CLANG_ENABLE_OBJC_ARC = YES;
				CLANG_ENABLE_OBJC_WEAK = YES;
				CLANG_WARN_BLOCK_CAPTURE_AUTORELEASING = YES;
				CLANG_WARN_BOOL_CONVERSION = YES;
				CLANG_WARN_COMMA = YES;
				CLANG_WARN_CONSTANT_CONVERSION = YES;
				CLANG_WARN_DEPRECATED_OBJC_IMPLEMENTATIONS = YES;
				CLANG_WARN_DIRECT_OBJC_ISA_USAGE = YES_ERROR;
				CLANG_WARN_DOCUMENTATION_COMMENTS = YES;
				CLANG_WARN_EMPTY_BODY = YES;
				CLANG_WARN_ENUM_CONVERSION = YES;
				CLANG_WARN_INFINITE_RECURSION = YES;
				CLANG_WARN_INT_CONVERSION = YES;
				CLANG_WARN_NON_LITERAL_NULL_CONVERSION = YES;
				CLANG_WARN_OBJC_IMPLICIT_RETAIN_SELF = YES;
				CLANG_WARN_OBJC_LITERAL_CONVERSION = YES;
				CLANG_WARN_OBJC_ROOT_CLASS = YES_ERROR;
				CLANG_WARN_QUOTED_INCLUDE_IN_FRAMEWORK_HEADER = YES;
				CLANG_WARN_RANGE_LOOP_ANALYSIS = YES;
				CLANG_WARN_STRICT_PROTOTYPES = YES;
				CLANG_WARN_SUSPICIOUS_MOVE = YES;
				CLANG_WARN_UNGUARDED_AVAILABILITY = YES_AGGRESSIVE;
				CLANG_WARN_UNREACHABLE_CODE = YES;
				CLANG_WARN__DUPLICATE_METHOD_MATCH = YES;
				COPY_PHASE_STRIP = NO;
				DEBUG_INFORMATION_FORMAT = "dwarf-with-dsym";
				ENABLE_NS_ASSERTIONS = NO;
				ENABLE_STRICT_OBJC_MSGSEND = YES;
				GCC_C_LANGUAGE_STANDARD = gnu11;
				GCC_NO_COMMON_BLOCKS = YES;
				GCC_WARN_64_TO_32_BIT_CONVERSION = YES;
				GCC_WARN_ABOUT_RETURN_TYPE = YES_ERROR;
				GCC_WARN_UNDECLARED_SELECTOR = YES;
				GCC_WARN_UNINITIALIZED_AUTOS = YES_AGGRESSIVE;
				GCC_WARN_UNUSED_FUNCTION = YES;
				GCC_WARN_UNUSED_VARIABLE = YES;
				IPHONEOS_DEPLOYMENT_TARGET = 16.2;
				MTL_ENABLE_DEBUG_INFO = NO;
				MTL_FAST_MATH = YES;
				SDKROOT = iphoneos;
				SWIFT_COMPILATION_MODE = wholemodule;
				SWIFT_OPTIMIZATION_LEVEL = "-O";
				VALIDATE_PRODUCT = YES;
			};
			name = Release;
		};
		251C7B022CABF56A0028A125 /* Debug */ = {
			isa = XCBuildConfiguration;
			buildSettings = {
				ASSETCATALOG_COMPILER_APPICON_NAME = AppIcon;
				ASSETCATALOG_COMPILER_GLOBAL_ACCENT_COLOR_NAME = AccentColor;
				CODE_SIGN_STYLE = Automatic;
				CURRENT_PROJECT_VERSION = 1;
				DEVELOPMENT_ASSET_PATHS = "\"Learn_iOS/Preview Content\"";
				DEVELOPMENT_TEAM = VCSY5DV82K;
				ENABLE_PREVIEWS = YES;
				GENERATE_INFOPLIST_FILE = YES;
				INFOPLIST_KEY_UIApplicationSceneManifest_Generation = YES;
				INFOPLIST_KEY_UIApplicationSupportsIndirectInputEvents = YES;
				INFOPLIST_KEY_UILaunchScreen_Generation = YES;
				INFOPLIST_KEY_UISupportedInterfaceOrientations_iPad = "UIInterfaceOrientationPortrait UIInterfaceOrientationPortraitUpsideDown UIInterfaceOrientationLandscapeLeft UIInterfaceOrientationLandscapeRight";
				INFOPLIST_KEY_UISupportedInterfaceOrientations_iPhone = "UIInterfaceOrientationPortrait UIInterfaceOrientationLandscapeLeft UIInterfaceOrientationLandscapeRight";
				LD_RUNPATH_SEARCH_PATHS = (
					"$(inherited)",
					"@executable_path/Frameworks",
				);
				MARKETING_VERSION = 1.0;
				PRODUCT_BUNDLE_IDENTIFIER = com.xie.learn.ios;
				PRODUCT_NAME = "$(TARGET_NAME)";
				SWIFT_EMIT_LOC_STRINGS = YES;
				SWIFT_VERSION = 5.0;
				TARGETED_DEVICE_FAMILY = "1,2";
			};
			name = Debug;
		};
		251C7B032CABF56A0028A125 /* Release */ = {
			isa = XCBuildConfiguration;
			buildSettings = {
				ASSETCATALOG_COMPILER_APPICON_NAME = AppIcon;
				ASSETCATALOG_COMPILER_GLOBAL_ACCENT_COLOR_NAME = AccentColor;
				CODE_SIGN_STYLE = Automatic;
				CURRENT_PROJECT_VERSION = 1;
				DEVELOPMENT_ASSET_PATHS = "\"Learn_iOS/Preview Content\"";
				DEVELOPMENT_TEAM = VCSY5DV82K;
				ENABLE_PREVIEWS = YES;
				GENERATE_INFOPLIST_FILE = YES;
				INFOPLIST_KEY_UIApplicationSceneManifest_Generation = YES;
				INFOPLIST_KEY_UIApplicationSupportsIndirectInputEvents = YES;
				INFOPLIST_KEY_UILaunchScreen_Generation = YES;
				INFOPLIST_KEY_UISupportedInterfaceOrientations_iPad = "UIInterfaceOrientationPortrait UIInterfaceOrientationPortraitUpsideDown UIInterfaceOrientationLandscapeLeft UIInterfaceOrientationLandscapeRight";
				INFOPLIST_KEY_UISupportedInterfaceOrientations_iPhone = "UIInterfaceOrientationPortrait UIInterfaceOrientationLandscapeLeft UIInterfaceOrientationLandscapeRight";
				LD_RUNPATH_SEARCH_PATHS = (
					"$(inherited)",
					"@executable_path/Frameworks",
				);
				MARKETING_VERSION = 1.0;
				PRODUCT_BUNDLE_IDENTIFIER = com.xie.learn.ios;
				PRODUCT_NAME = "$(TARGET_NAME)";
				SWIFT_EMIT_LOC_STRINGS = YES;
				SWIFT_VERSION = 5.0;
				TARGETED_DEVICE_FAMILY = "1,2";
			};
			name = Release;
		};
		251C7B052CABF56A0028A125 /* Debug */ = {
			isa = XCBuildConfiguration;
			buildSettings = {
				ALWAYS_EMBED_SWIFT_STANDARD_LIBRARIES = YES;
				BUNDLE_LOADER = "$(TEST_HOST)";
				CODE_SIGN_STYLE = Automatic;
				CURRENT_PROJECT_VERSION = 1;
				DEVELOPMENT_TEAM = VCSY5DV82K;
				GENERATE_INFOPLIST_FILE = YES;
				IPHONEOS_DEPLOYMENT_TARGET = 16.2;
				MARKETING_VERSION = 1.0;
				PRODUCT_BUNDLE_IDENTIFIER = "com.xie.learn.Learn-iOSTests";
				PRODUCT_NAME = "$(TARGET_NAME)";
				SWIFT_EMIT_LOC_STRINGS = NO;
				SWIFT_VERSION = 5.0;
				TARGETED_DEVICE_FAMILY = "1,2";
				TEST_HOST = "$(BUILT_PRODUCTS_DIR)/Learn_iOS.app/$(BUNDLE_EXECUTABLE_FOLDER_PATH)/Learn_iOS";
			};
			name = Debug;
		};
		251C7B062CABF56A0028A125 /* Release */ = {
			isa = XCBuildConfiguration;
			buildSettings = {
				ALWAYS_EMBED_SWIFT_STANDARD_LIBRARIES = YES;
				BUNDLE_LOADER = "$(TEST_HOST)";
				CODE_SIGN_STYLE = Automatic;
				CURRENT_PROJECT_VERSION = 1;
				DEVELOPMENT_TEAM = VCSY5DV82K;
				GENERATE_INFOPLIST_FILE = YES;
				IPHONEOS_DEPLOYMENT_TARGET = 16.2;
				MARKETING_VERSION = 1.0;
				PRODUCT_BUNDLE_IDENTIFIER = "com.xie.learn.Learn-iOSTests";
				PRODUCT_NAME = "$(TARGET_NAME)";
				SWIFT_EMIT_LOC_STRINGS = NO;
				SWIFT_VERSION = 5.0;
				TARGETED_DEVICE_FAMILY = "1,2";
				TEST_HOST = "$(BUILT_PRODUCTS_DIR)/Learn_iOS.app/$(BUNDLE_EXECUTABLE_FOLDER_PATH)/Learn_iOS";
			};
			name = Release;
		};
		251C7B082CABF56A0028A125 /* Debug */ = {
			isa = XCBuildConfiguration;
			buildSettings = {
				ALWAYS_EMBED_SWIFT_STANDARD_LIBRARIES = YES;
				CODE_SIGN_STYLE = Automatic;
				CURRENT_PROJECT_VERSION = 1;
				DEVELOPMENT_TEAM = VCSY5DV82K;
				GENERATE_INFOPLIST_FILE = YES;
				MARKETING_VERSION = 1.0;
				PRODUCT_BUNDLE_IDENTIFIER = "com.xie.learn.Learn-iOSUITests";
				PRODUCT_NAME = "$(TARGET_NAME)";
				SWIFT_EMIT_LOC_STRINGS = NO;
				SWIFT_VERSION = 5.0;
				TARGETED_DEVICE_FAMILY = "1,2";
				TEST_TARGET_NAME = Learn_iOS;
			};
			name = Debug;
		};
		251C7B092CABF56A0028A125 /* Release */ = {
			isa = XCBuildConfiguration;
			buildSettings = {
				ALWAYS_EMBED_SWIFT_STANDARD_LIBRARIES = YES;
				CODE_SIGN_STYLE = Automatic;
				CURRENT_PROJECT_VERSION = 1;
				DEVELOPMENT_TEAM = VCSY5DV82K;
				GENERATE_INFOPLIST_FILE = YES;
				MARKETING_VERSION = 1.0;
				PRODUCT_BUNDLE_IDENTIFIER = "com.xie.learn.Learn-iOSUITests";
				PRODUCT_NAME = "$(TARGET_NAME)";
				SWIFT_EMIT_LOC_STRINGS = NO;
				SWIFT_VERSION = 5.0;
				TARGETED_DEVICE_FAMILY = "1,2";
				TEST_TARGET_NAME = Learn_iOS;
			};
			name = Release;
		};
/* End XCBuildConfiguration section */

/* Begin XCConfigurationList section */
		251C7AD82CABF5680028A125 /* Build configuration list for PBXProject "Learn_iOS" */ = {
			isa = XCConfigurationList;
			buildConfigurations = (
				251C7AFF2CABF56A0028A125 /* Debug */,
				251C7B002CABF56A0028A125 /* Release */,
			);
			defaultConfigurationIsVisible = 0;
			defaultConfigurationName = Release;
		};
		251C7B012CABF56A0028A125 /* Build configuration list for PBXNativeTarget "Learn_iOS" */ = {
			isa = XCConfigurationList;
			buildConfigurations = (
				251C7B022CABF56A0028A125 /* Debug */,
				251C7B032CABF56A0028A125 /* Release */,
			);
			defaultConfigurationIsVisible = 0;
			defaultConfigurationName = Release;
		};
		251C7B042CABF56A0028A125 /* Build configuration list for PBXNativeTarget "Learn_iOSTests" */ = {
			isa = XCConfigurationList;
			buildConfigurations = (
				251C7B052CABF56A0028A125 /* Debug */,
				251C7B062CABF56A0028A125 /* Release */,
			);
			defaultConfigurationIsVisible = 0;
			defaultConfigurationName = Release;
		};
		251C7B072CABF56A0028A125 /* Build configuration list for PBXNativeTarget "Learn_iOSUITests" */ = {
			isa = XCConfigurationList;
			buildConfigurations = (
				251C7B082CABF56A0028A125 /* Debug */,
				251C7B092CABF56A0028A125 /* Release */,
			);
			defaultConfigurationIsVisible = 0;
			defaultConfigurationName = Release;
		};
/* End XCConfigurationList section */

/* Begin XCRemoteSwiftPackageReference section */
		2553D3942CE61F4E004AF009 /* XCRemoteSwiftPackageReference "Alamofire" */ = {
			isa = XCRemoteSwiftPackageReference;
			repositoryURL = "https://github.com/Alamofire/Alamofire.git";
			requirement = {
				kind = exactVersion;
				version = 5.9.1;
			};
		};
/* End XCRemoteSwiftPackageReference section */

/* Begin XCSwiftPackageProductDependency section */
		2553D3952CE61F4E004AF009 /* Alamofire */ = {
			isa = XCSwiftPackageProductDependency;
			package = 2553D3942CE61F4E004AF009 /* XCRemoteSwiftPackageReference "Alamofire" */;
			productName = Alamofire;
		};
		2553D3972CE61F4E004AF009 /* AlamofireDynamic */ = {
			isa = XCSwiftPackageProductDependency;
			package = 2553D3942CE61F4E004AF009 /* XCRemoteSwiftPackageReference "Alamofire" */;
			productName = AlamofireDynamic;
		};
/* End XCSwiftPackageProductDependency section */
	};
	rootObject = 251C7AD52CABF5680028A125 /* Project object */;
}
